// !$*UTF8*$!
{
	archiveVersion = 1;
	classes = {
	};
	objectVersion = 46;
	objects = {

/* Begin PBXBuildFile section */
		E89026A21E37455D004E5AD8 /* main.m in Sources */ = {isa = PBXBuildFile; fileRef = E89026A11E37455D004E5AD8 /* main.m */; };
		E89026A51E37455D004E5AD8 /* AppDelegate.m in Sources */ = {isa = PBXBuildFile; fileRef = E89026A41E37455D004E5AD8 /* AppDelegate.m */; };
		E89026A81E37455D004E5AD8 /* ViewController.m in Sources */ = {isa = PBXBuildFile; fileRef = E89026A71E37455D004E5AD8 /* ViewController.m */; };
		E89026AB1E37455D004E5AD8 /* Main.storyboard in Resources */ = {isa = PBXBuildFile; fileRef = E89026A91E37455D004E5AD8 /* Main.storyboard */; };
		E89026AD1E37455D004E5AD8 /* Assets.xcassets in Resources */ = {isa = PBXBuildFile; fileRef = E89026AC1E37455D004E5AD8 /* Assets.xcassets */; };
		E89026B01E37455D004E5AD8 /* LaunchScreen.storyboard in Resources */ = {isa = PBXBuildFile; fileRef = E89026AE1E37455D004E5AD8 /* LaunchScreen.storyboard */; };
		E89026B91E374708004E5AD8 /* Test.swift in Sources */ = {isa = PBXBuildFile; fileRef = E89026B81E374708004E5AD8 /* Test.swift */; };
		E89026BC1E37580F004E5AD8 /* Man.m in Sources */ = {isa = PBXBuildFile; fileRef = E89026BB1E37580F004E5AD8 /* Man.m */; };
/* End PBXBuildFile section */

/* Begin PBXFileReference section */
		E890269D1E37455D004E5AD8 /* MDemo.app */ = {isa = PBXFileReference; explicitFileType = wrapper.application; includeInIndex = 0; path = MDemo.app; sourceTree = BUILT_PRODUCTS_DIR; };
		E89026A11E37455D004E5AD8 /* main.m */ = {isa = PBXFileReference; lastKnownFileType = sourcecode.c.objc; path = main.m; sourceTree = "<group>"; };
		E89026A31E37455D004E5AD8 /* AppDelegate.h */ = {isa = PBXFileReference; lastKnownFileType = sourcecode.c.h; path = AppDelegate.h; sourceTree = "<group>"; };
		E89026A41E37455D004E5AD8 /* AppDelegate.m */ = {isa = PBXFileReference; lastKnownFileType = sourcecode.c.objc; path = AppDelegate.m; sourceTree = "<group>"; };
		E89026A61E37455D004E5AD8 /* ViewController.h */ = {isa = PBXFileReference; lastKnownFileType = sourcecode.c.h; path = ViewController.h; sourceTree = "<group>"; };
		E89026A71E37455D004E5AD8 /* ViewController.m */ = {isa = PBXFileReference; lastKnownFileType = sourcecode.c.objc; path = ViewController.m; sourceTree = "<group>"; };
		E89026AA1E37455D004E5AD8 /* Base */ = {isa = PBXFileReference; lastKnownFileType = file.storyboard; name = Base; path = Base.lproj/Main.storyboard; sourceTree = "<group>"; };
		E89026AC1E37455D004E5AD8 /* Assets.xcassets */ = {isa = PBXFileReference; lastKnownFileType = folder.assetcatalog; path = Assets.xcassets; sourceTree = "<group>"; };
		E89026AF1E37455D004E5AD8 /* Base */ = {isa = PBXFileReference; lastKnownFileType = file.storyboard; name = Base; path = Base.lproj/LaunchScreen.storyboard; sourceTree = "<group>"; };
		E89026B11E37455D004E5AD8 /* Info.plist */ = {isa = PBXFileReference; lastKnownFileType = text.plist.xml; path = Info.plist; sourceTree = "<group>"; };
		E89026B71E374708004E5AD8 /* MDemo-Bridging-Header.h */ = {isa = PBXFileReference; lastKnownFileType = sourcecode.c.h; path = "MDemo-Bridging-Header.h"; sourceTree = "<group>"; };
		E89026B81E374708004E5AD8 /* Test.swift */ = {isa = PBXFileReference; fileEncoding = 4; lastKnownFileType = sourcecode.swift; name = Test.swift; path = ../Test.swift; sourceTree = "<group>"; };
		E89026BA1E37580F004E5AD8 /* Man.h */ = {isa = PBXFileReference; fileEncoding = 4; lastKnownFileType = sourcecode.c.h; path = Man.h; sourceTree = "<group>"; };
		E89026BB1E37580F004E5AD8 /* Man.m */ = {isa = PBXFileReference; fileEncoding = 4; lastKnownFileType = sourcecode.c.objc; path = Man.m; sourceTree = "<group>"; };
/* End PBXFileReference section */

/* Begin PBXFrameworksBuildPhase section */
		E890269A1E37455C004E5AD8 /* Frameworks */ = {
			isa = PBXFrameworksBuildPhase;
			buildActionMask = 2147483647;
			files = (
			);
			runOnlyForDeploymentPostprocessing = 0;
		};
/* End PBXFrameworksBuildPhase section */

/* Begin PBXGroup section */
		E89026941E37455C004E5AD8 = {
			isa = PBXGroup;
			children = (
				E890269F1E37455D004E5AD8 /* MDemo */,
				E890269E1E37455D004E5AD8 /* Products */,
				E89026B71E374708004E5AD8 /* MDemo-Bridging-Header.h */,
			);
			sourceTree = "<group>";
		};
		E890269E1E37455D004E5AD8 /* Products */ = {
			isa = PBXGroup;
			children = (
				E890269D1E37455D004E5AD8 /* MDemo.app */,
			);
			name = Products;
			sourceTree = "<group>";
		};
		E890269F1E37455D004E5AD8 /* MDemo */ = {
			isa = PBXGroup;
			children = (
				E89026B81E374708004E5AD8 /* Test.swift */,
				E89026BA1E37580F004E5AD8 /* Man.h */,
				E89026BB1E37580F004E5AD8 /* Man.m */,
				E89026A31E37455D004E5AD8 /* AppDelegate.h */,
				E89026A41E37455D004E5AD8 /* AppDelegate.m */,
				E89026A61E37455D004E5AD8 /* ViewController.h */,
				E89026A71E37455D004E5AD8 /* ViewController.m */,
				E89026A91E37455D004E5AD8 /* Main.storyboard */,
				E89026AC1E37455D004E5AD8 /* Assets.xcassets */,
				E89026AE1E37455D004E5AD8 /* LaunchScreen.storyboard */,
				E89026B11E37455D004E5AD8 /* Info.plist */,
				E89026A01E37455D004E5AD8 /* Supporting Files */,
			);
			path = MDemo;
			sourceTree = "<group>";
		};
		E89026A01E37455D004E5AD8 /* Supporting Files */ = {
			isa = PBXGroup;
			children = (
				E89026A11E37455D004E5AD8 /* main.m */,
			);
			name = "Supporting Files";
			sourceTree = "<group>";
		};
/* End PBXGroup section */

/* Begin PBXNativeTarget section */
		E890269C1E37455C004E5AD8 /* MDemo */ = {
			isa = PBXNativeTarget;
			buildConfigurationList = E89026B41E37455D004E5AD8 /* Build configuration list for PBXNativeTarget "MDemo" */;
			buildPhases = (
				E89026991E37455C004E5AD8 /* Sources */,
				E890269A1E37455C004E5AD8 /* Frameworks */,
				E890269B1E37455C004E5AD8 /* Resources */,
			);
			buildRules = (
			);
			dependencies = (
			);
			name = MDemo;
			productName = MDemo;
			productReference = E890269D1E37455D004E5AD8 /* MDemo.app */;
			productType = "com.apple.product-type.application";
		};
/* End PBXNativeTarget section */

/* Begin PBXProject section */
		E89026951E37455C004E5AD8 /* Project object */ = {
			isa = PBXProject;
			attributes = {
				LastUpgradeCheck = 0820;
				ORGANIZATIONNAME = AndyWu;
				TargetAttributes = {
					E890269C1E37455C004E5AD8 = {
						CreatedOnToolsVersion = 8.2;
						DevelopmentTeam = 3AMJ5N9CAF;
						LastSwiftMigration = 0820;
						ProvisioningStyle = Automatic;
					};
				};
			};
			buildConfigurationList = E89026981E37455C004E5AD8 /* Build configuration list for PBXProject "MDemo" */;
			compatibilityVersion = "Xcode 3.2";
			developmentRegion = English;
			hasScannedForEncodings = 0;
			knownRegions = (
				en,
				Base,
			);
			mainGroup = E89026941E37455C004E5AD8;
			productRefGroup = E890269E1E37455D004E5AD8 /* Products */;
			projectDirPath = "";
			projectRoot = "";
			targets = (
				E890269C1E37455C004E5AD8 /* MDemo */,
			);
		};
/* End PBXProject section */

/* Begin PBXResourcesBuildPhase section */
		E890269B1E37455C004E5AD8 /* Resources */ = {
			isa = PBXResourcesBuildPhase;
			buildActionMask = 2147483647;
			files = (
				E89026B01E37455D004E5AD8 /* LaunchScreen.storyboard in Resources */,
				E89026AD1E37455D004E5AD8 /* Assets.xcassets in Resources */,
				E89026AB1E37455D004E5AD8 /* Main.storyboard in Resources */,
			);
			runOnlyForDeploymentPostprocessing = 0;
		};
/* End PBXResourcesBuildPhase section */

/* Begin PBXSourcesBuildPhase section */
		E89026991E37455C004E5AD8 /* Sources */ = {
			isa = PBXSourcesBuildPhase;
			buildActionMask = 2147483647;
			files = (
				E89026A81E37455D004E5AD8 /* ViewController.m in Sources */,
				E89026B91E374708004E5AD8 /* Test.swift in Sources */,
				E89026BC1E37580F004E5AD8 /* Man.m in Sources */,
				E89026A51E37455D004E5AD8 /* AppDelegate.m in Sources */,
				E89026A21E37455D004E5AD8 /* main.m in Sources */,
			);
			runOnlyForDeploymentPostprocessing = 0;
		};
/* End PBXSourcesBuildPhase section */

/* Begin PBXVariantGroup section */
		E89026A91E37455D004E5AD8 /* Main.storyboard */ = {
			isa = PBXVariantGroup;
			children = (
				E89026AA1E37455D004E5AD8 /* Base */,
			);
			name = Main.storyboard;
			sourceTree = "<group>";
		};
		E89026AE1E37455D004E5AD8 /* LaunchScreen.storyboard */ = {
			isa = PBXVariantGroup;
			children = (
				E89026AF1E37455D004E5AD8 /* Base */,
			);
			name = LaunchScreen.storyboard;
			sourceTree = "<group>";
		};
/* End PBXVariantGroup section */

/* Begin XCBuildConfiguration section */
		E89026B21E37455D004E5AD8 /* Debug */ = {
			isa = XCBuildConfiguration;
			buildSettings = {
				ALWAYS_SEARCH_USER_PATHS = NO;
				CLANG_ANALYZER_NONNULL = YES;
				CLANG_CXX_LANGUAGE_STANDARD = "gnu++0x";
				CLANG_CXX_LIBRARY = "libc++";
				CLANG_ENABLE_MODULES = YES;
				CLANG_ENABLE_OBJC_ARC = YES;
				CLANG_WARN_BOOL_CONVERSION = YES;
				CLANG_WARN_CONSTANT_CONVERSION = YES;
				CLANG_WARN_DIRECT_OBJC_ISA_USAGE = YES_ERROR;
				CLANG_WARN_DOCUMENTATION_COMMENTS = YES;
				CLANG_WARN_EMPTY_BODY = YES;
				CLANG_WARN_ENUM_CONVERSION = YES;
				CLANG_WARN_INFINITE_RECURSION = YES;
				CLANG_WARN_INT_CONVERSION = YES;
				CLANG_WARN_OBJC_ROOT_CLASS = YES_ERROR;
				CLANG_WARN_SUSPICIOUS_MOVE = YES;
				CLANG_WARN_UNREACHABLE_CODE = YES;
				CLANG_WARN__DUPLICATE_METHOD_MATCH = YES;
				"CODE_SIGN_IDENTITY[sdk=iphoneos*]" = "iPhone Developer";
				COPY_PHASE_STRIP = NO;
				DEBUG_INFORMATION_FORMAT = dwarf;
				ENABLE_STRICT_OBJC_MSGSEND = YES;
				ENABLE_TESTABILITY = YES;
				GCC_C_LANGUAGE_STANDARD = gnu99;
				GCC_DYNAMIC_NO_PIC = NO;
				GCC_NO_COMMON_BLOCKS = YES;
				GCC_OPTIMIZATION_LEVEL = 0;
				GCC_PREPROCESSOR_DEFINITIONS = (
					"DEBUG=1",
					"$(inherited)",
				);
				GCC_WARN_64_TO_32_BIT_CONVERSION = YES;
				GCC_WARN_ABOUT_RETURN_TYPE = YES_ERROR;
				GCC_WARN_UNDECLARED_SELECTOR = YES;
				GCC_WARN_UNINITIALIZED_AUTOS = YES_AGGRESSIVE;
				GCC_WARN_UNUSED_FUNCTION = YES;
				GCC_WARN_UNUSED_VARIABLE = YES;
				IPHONEOS_DEPLOYMENT_TARGET = 10.2;
				MTL_ENABLE_DEBUG_INFO = YES;
				ONLY_ACTIVE_ARCH = YES;
				SDKROOT = iphoneos;
			};
			name = Debug;
		};
		E89026B31E37455D004E5AD8 /* Release */ = {
			isa = XCBuildConfiguration;
			buildSettings = {
				ALWAYS_SEARCH_USER_PATHS = NO;
				CLANG_ANALYZER_NONNULL = YES;
				CLANG_CXX_LANGUAGE_STANDARD = "gnu++0x";
				CLANG_CXX_LIBRARY = "libc++";
				CLANG_ENABLE_MODULES = YES;
				CLANG_ENABLE_OBJC_ARC = YES;
				CLANG_WARN_BOOL_CONVERSION = YES;
				CLANG_WARN_CONSTANT_CONVERSION = YES;
				CLANG_WARN_DIRECT_OBJC_ISA_USAGE = YES_ERROR;
				CLANG_WARN_DOCUMENTATION_COMMENTS = YES;
				CLANG_WARN_EMPTY_BODY = YES;
				CLANG_WARN_ENUM_CONVERSION = YES;
				CLANG_WARN_INFINITE_RECURSION = YES;
				CLANG_WARN_INT_CONVERSION = YES;
				CLANG_WARN_OBJC_ROOT_CLASS = YES_ERROR;
				CLANG_WARN_SUSPICIOUS_MOVE = YES;
				CLANG_WARN_UNREACHABLE_CODE = YES;
				CLANG_WARN__DUPLICATE_METHOD_MATCH = YES;
				"CODE_SIGN_IDENTITY[sdk=iphoneos*]" = "iPhone Developer";
				COPY_PHASE_STRIP = NO;
				DEBUG_INFORMATION_FORMAT = "dwarf-with-dsym";
				ENABLE_NS_ASSERTIONS = NO;
				ENABLE_STRICT_OBJC_MSGSEND = YES;
				GCC_C_LANGUAGE_STANDARD = gnu99;
				GCC_NO_COMMON_BLOCKS = YES;
				GCC_WARN_64_TO_32_BIT_CONVERSION = YES;
				GCC_WARN_ABOUT_RETURN_TYPE = YES_ERROR;
				GCC_WARN_UNDECLARED_SELECTOR = YES;
				GCC_WARN_UNINITIALIZED_AUTOS = YES_AGGRESSIVE;
				GCC_WARN_UNUSED_FUNCTION = YES;
				GCC_WARN_UNUSED_VARIABLE = YES;
				IPHONEOS_DEPLOYMENT_TARGET = 10.2;
				MTL_ENABLE_DEBUG_INFO = NO;
				SDKROOT = iphoneos;
				VALIDATE_PRODUCT = YES;
			};
			name = Release;
		};
		E89026B51E37455D004E5AD8 /* Debug */ = {
			isa = XCBuildConfiguration;
			buildSettings = {
				ASSETCATALOG_COMPILER_APPICON_NAME = AppIcon;
				CLANG_ENABLE_MODULES = YES;
				DEVELOPMENT_TEAM = 3AMJ5N9CAF;
				INFOPLIST_FILE = MDemo/Info.plist;
				LD_RUNPATH_SEARCH_PATHS = "$(inherited) @executable_path/Frameworks";
				PRODUCT_BUNDLE_IDENTIFIER = com.gaiaworks.MDemo;
				PRODUCT_NAME = "$(TARGET_NAME)";
				SWIFT_OBJC_BRIDGING_HEADER = "MDemo-Bridging-Header.h";
				SWIFT_OPTIMIZATION_LEVEL = "-Onone";
				SWIFT_VERSION = 3.0;
			};
			name = Debug;
		};
		E89026B61E37455D004E5AD8 /* Release */ = {
			isa = XCBuildConfiguration;
			buildSettings = {
				ASSETCATALOG_COMPILER_APPICON_NAME = AppIcon;
				CLANG_ENABLE_MODULES = YES;
				DEVELOPMENT_TEAM = 3AMJ5N9CAF;
				INFOPLIST_FILE = MDemo/Info.plist;
				LD_RUNPATH_SEARCH_PATHS = "$(inherited) @executable_path/Frameworks";
				PRODUCT_BUNDLE_IDENTIFIER = com.gaiaworks.MDemo;
				PRODUCT_NAME = "$(TARGET_NAME)";
				SWIFT_OBJC_BRIDGING_HEADER = "MDemo-Bridging-Header.h";
				SWIFT_VERSION = 3.0;
			};
			name = Release;
		};
/* End XCBuildConfiguration section */

/* Begin XCConfigurationList section */
		E89026981E37455C004E5AD8 /* Build configuration list for PBXProject "MDemo" */ = {
			isa = XCConfigurationList;
			buildConfigurations = (
				E89026B21E37455D004E5AD8 /* Debug */,
				E89026B31E37455D004E5AD8 /* Release */,
			);
			defaultConfigurationIsVisible = 0;
			defaultConfigurationName = Release;
		};
		E89026B41E37455D004E5AD8 /* Build configuration list for PBXNativeTarget "MDemo" */ = {
			isa = XCConfigurationList;
			buildConfigurations = (
				E89026B51E37455D004E5AD8 /* Debug */,
				E89026B61E37455D004E5AD8 /* Release */,
			);
			defaultConfigurationIsVisible = 0;
		};
/* End XCConfigurationList section */
	};
	rootObject = E89026951E37455C004E5AD8 /* Project object */;
}
